
Microsoft Visual Studio Solution File, Format Version 12.00
# Visual Studio Version 17
VisualStudioVersion = 17.14.36811.4 d17.14
MinimumVisualStudioVersion = 10.0.40219.1
Project("{FAE04EC0-301F-11D3-BF4B-00C04F79EFBC}") = "FntrAudit", "FntrAudit\FntrAudit.csproj", "{C895C600-4D7D-4A94-8DD5-98033808ADBC}"
EndProject
Global
	GlobalSection(SolutionConfigurationPlatforms) = preSolution
		Debug|Any CPU = Debug|Any CPU
		Release|Any CPU = Release|Any CPU
	EndGlobalSection
	GlobalSection(ProjectConfigurationPlatforms) = postSolution
		{C895C600-4D7D-4A94-8DD5-98033808ADBC}.Debug|Any CPU.ActiveCfg = Debug|Any CPU
		{C895C600-4D7D-4A94-8DD5-98033808ADBC}.Debug|Any CPU.Build.0 = Debug|Any CPU
		{C895C600-4D7D-4A94-8DD5-98033808ADBC}.Release|Any CPU.ActiveCfg = Release|Any CPU
		{C895C600-4D7D-4A94-8DD5-98033808ADBC}.Release|Any CPU.Build.0 = Release|Any CPU
	EndGlobalSection
	GlobalSection(SolutionProperties) = preSolution
		HideSolutionNode = FALSE
	EndGlobalSection
	GlobalSection(ExtensibilityGlobals) = postSolution
		SolutionGuid = {A1029424-3344-43EC-B201-F6A1637867E5}
	EndGlobalSection
EndGlobal
